
Microsoft Visual Studio Solution File, Format Version 12.00
# Visual Studio Version 16
VisualStudioVersion = 16.0.30011.22
MinimumVisualStudioVersion = 10.0.40219.1
Project("{FAE04EC0-301F-11D3-BF4B-00C04F79EFBC}") = "FreeStudent", "FreeStudent\FreeStudent.csproj", "{F87873B4-1B41-4212-97A7-4A9E97CD94F0}"
EndProject
Global
	GlobalSection(SolutionConfigurationPlatforms) = preSolution
		Debug|Any CPU = Debug|Any CPU
		Release|Any CPU = Release|Any CPU
	EndGlobalSection
	GlobalSection(ProjectConfigurationPlatforms) = postSolution
		{F87873B4-1B41-4212-97A7-4A9E97CD94F0}.Debug|Any CPU.ActiveCfg = Debug|Any CPU
		{F87873B4-1B41-4212-97A7-4A9E97CD94F0}.Debug|Any CPU.Build.0 = Debug|Any CPU
		{F87873B4-1B41-4212-97A7-4A9E97CD94F0}.Release|Any CPU.ActiveCfg = Release|Any CPU
		{F87873B4-1B41-4212-97A7-4A9E97CD94F0}.Release|Any CPU.Build.0 = Release|Any CPU
	EndGlobalSection
	GlobalSection(SolutionProperties) = preSolution
		HideSolutionNode = FALSE
	EndGlobalSection
	GlobalSection(ExtensibilityGlobals) = postSolution
		SolutionGuid = {1817AFB0-6259-4AB2-B1DB-F2D0689FAFF2}
	EndGlobalSection
EndGlobal
